// !$*UTF8*$!
{
	archiveVersion = 1;
	classes = {
	};
	objectVersion = 46;
	objects = {

/* Begin PBXBuildFile section */
		0BE4E80747B1EC43D4B9E5EC /* Pods_oneLinerTests.framework in Frameworks */ = {isa = PBXBuildFile; fileRef = 4002C751AC7922F6AD302A68 /* Pods_oneLinerTests.framework */; };
		18216FFD19B3A6720E27C2CD /* Pods_oneLiner.framework in Frameworks */ = {isa = PBXBuildFile; fileRef = 8C21DFD231DBBB2ABF9255E6 /* Pods_oneLiner.framework */; };
		300459A11CE3940200D90B5A /* Topics.swift in Sources */ = {isa = PBXBuildFile; fileRef = 300459A01CE3940200D90B5A /* Topics.swift */; };
		304386591D1ABBC500D0802C /* WalkthroughContentViewController.swift in Sources */ = {isa = PBXBuildFile; fileRef = 304386581D1ABBC500D0802C /* WalkthroughContentViewController.swift */; };
		3043865B1D1AC14600D0802C /* WalkthroughPageViewController.swift in Sources */ = {isa = PBXBuildFile; fileRef = 3043865A1D1AC14400D0802C /* WalkthroughPageViewController.swift */; };
		3065424A1D1C136E005004FF /* ModalViewController.swift in Sources */ = {isa = PBXBuildFile; fileRef = 306542491D1C136E005004FF /* ModalViewController.swift */; };
		30776B2C1D23BDF40067AFEA /* ModalPopovers.swift in Sources */ = {isa = PBXBuildFile; fileRef = 30776B2B1D23BDF40067AFEA /* ModalPopovers.swift */; };
		30789CA51CE11B4000E4B878 /* DataService.swift in Sources */ = {isa = PBXBuildFile; fileRef = 30789CA41CE11B4000E4B878 /* DataService.swift */; };
		30AE4E4A1D3F99B5008CCBDE /* dailyOneLiner.swift in Sources */ = {isa = PBXBuildFile; fileRef = 30AE4E491D3F99B5008CCBDE /* dailyOneLiner.swift */; };
		30BBC3441CE0E20900BA1D78 /* ShareViewController.swift in Sources */ = {isa = PBXBuildFile; fileRef = 30BBC3431CE0E20900BA1D78 /* ShareViewController.swift */; };
		30BBC3461CE110E600BA1D78 /* MaterialView.swift in Sources */ = {isa = PBXBuildFile; fileRef = 30BBC3451CE110E600BA1D78 /* MaterialView.swift */; };
		30D32BA41D1D543B004685FE /* Assets.xcassets in Resources */ = {isa = PBXBuildFile; fileRef = 30D32BA31D1D543B004685FE /* Assets.xcassets */; };
		30D50BB51D145CAD00E878AD /* Reachability.swift in Sources */ = {isa = PBXBuildFile; fileRef = 30D50BB41D145CAD00E878AD /* Reachability.swift */; };
		30E64C661DE2F5F2001A53A0 /* 1LBackup.swift in Sources */ = {isa = PBXBuildFile; fileRef = 30E64C651DE2F5F2001A53A0 /* 1LBackup.swift */; };
		30E64C681DE3712B001A53A0 /* MenuViewController.swift in Sources */ = {isa = PBXBuildFile; fileRef = 30E64C671DE3712B001A53A0 /* MenuViewController.swift */; };
		30E64C6A1DE4457C001A53A0 /* GoogleService-Info.plist in Resources */ = {isa = PBXBuildFile; fileRef = 30E64C691DE4457B001A53A0 /* GoogleService-Info.plist */; };
		30EF73861CDE863400423339 /* AppDelegate.swift in Sources */ = {isa = PBXBuildFile; fileRef = 30EF73851CDE863400423339 /* AppDelegate.swift */; };
		30EF738B1CDE863400423339 /* Main.storyboard in Resources */ = {isa = PBXBuildFile; fileRef = 30EF73891CDE863400423339 /* Main.storyboard */; };
		30EF738E1CDE863400423339 /* oneLiner.xcdatamodeld in Sources */ = {isa = PBXBuildFile; fileRef = 30EF738C1CDE863400423339 /* oneLiner.xcdatamodeld */; };
		30EF73931CDE863400423339 /* LaunchScreen.storyboard in Resources */ = {isa = PBXBuildFile; fileRef = 30EF73911CDE863400423339 /* LaunchScreen.storyboard */; };
		30EF739E1CDE863400423339 /* oneLinerTests.swift in Sources */ = {isa = PBXBuildFile; fileRef = 30EF739D1CDE863400423339 /* oneLinerTests.swift */; };
		30EF73A91CDE863400423339 /* oneLinerUITests.swift in Sources */ = {isa = PBXBuildFile; fileRef = 30EF73A81CDE863400423339 /* oneLinerUITests.swift */; };
		397143B6F211D6AA1CB50C42 /* Pods_oneLinerUITests.framework in Frameworks */ = {isa = PBXBuildFile; fileRef = 66559A754A39DDFCB6F6EB71 /* Pods_oneLinerUITests.framework */; };
/* End PBXBuildFile section */

/* Begin PBXContainerItemProxy section */
		30EF739A1CDE863400423339 /* PBXContainerItemProxy */ = {
			isa = PBXContainerItemProxy;
			containerPortal = 30EF737A1CDE863300423339 /* Project object */;
			proxyType = 1;
			remoteGlobalIDString = 30EF73811CDE863300423339;
			remoteInfo = oneLiner;
		};
		30EF73A51CDE863400423339 /* PBXContainerItemProxy */ = {
			isa = PBXContainerItemProxy;
			containerPortal = 30EF737A1CDE863300423339 /* Project object */;
			proxyType = 1;
			remoteGlobalIDString = 30EF73811CDE863300423339;
			remoteInfo = oneLiner;
		};
/* End PBXContainerItemProxy section */

/* Begin PBXFileReference section */
		300459A01CE3940200D90B5A /* Topics.swift */ = {isa = PBXFileReference; fileEncoding = 4; lastKnownFileType = sourcecode.swift; path = Topics.swift; sourceTree = "<group>"; };
		304386581D1ABBC500D0802C /* WalkthroughContentViewController.swift */ = {isa = PBXFileReference; fileEncoding = 4; lastKnownFileType = sourcecode.swift; name = WalkthroughContentViewController.swift; path = ../WalkthroughContentViewController.swift; sourceTree = "<group>"; };
		3043865A1D1AC14400D0802C /* WalkthroughPageViewController.swift */ = {isa = PBXFileReference; fileEncoding = 4; lastKnownFileType = sourcecode.swift; name = WalkthroughPageViewController.swift; path = ../WalkthroughPageViewController.swift; sourceTree = "<group>"; };
		306542491D1C136E005004FF /* ModalViewController.swift */ = {isa = PBXFileReference; fileEncoding = 4; lastKnownFileType = sourcecode.swift; name = ModalViewController.swift; path = ../ModalViewController.swift; sourceTree = "<group>"; };
		30776B2B1D23BDF40067AFEA /* ModalPopovers.swift */ = {isa = PBXFileReference; fileEncoding = 4; lastKnownFileType = sourcecode.swift; name = ModalPopovers.swift; path = ../ModalPopovers.swift; sourceTree = "<group>"; };
		30789CA41CE11B4000E4B878 /* DataService.swift */ = {isa = PBXFileReference; fileEncoding = 4; lastKnownFileType = sourcecode.swift; path = DataService.swift; sourceTree = "<group>"; };
		30AE4E491D3F99B5008CCBDE /* dailyOneLiner.swift */ = {isa = PBXFileReference; fileEncoding = 4; lastKnownFileType = sourcecode.swift; path = dailyOneLiner.swift; sourceTree = "<group>"; };
		30BBC3431CE0E20900BA1D78 /* ShareViewController.swift */ = {isa = PBXFileReference; fileEncoding = 4; lastKnownFileType = sourcecode.swift; path = ShareViewController.swift; sourceTree = "<group>"; };
		30BBC3451CE110E600BA1D78 /* MaterialView.swift */ = {isa = PBXFileReference; fileEncoding = 4; lastKnownFileType = sourcecode.swift; path = MaterialView.swift; sourceTree = "<group>"; };
		30D32BA31D1D543B004685FE /* Assets.xcassets */ = {isa = PBXFileReference; lastKnownFileType = folder.assetcatalog; path = Assets.xcassets; sourceTree = "<group>"; };
		30D50BB41D145CAD00E878AD /* Reachability.swift */ = {isa = PBXFileReference; fileEncoding = 4; lastKnownFileType = sourcecode.swift; name = Reachability.swift; path = ../Reachability.swift; sourceTree = "<group>"; };
		30E64C651DE2F5F2001A53A0 /* 1LBackup.swift */ = {isa = PBXFileReference; fileEncoding = 4; lastKnownFileType = sourcecode.swift; name = 1LBackup.swift; path = ../1LBackup.swift; sourceTree = "<group>"; };
		30E64C671DE3712B001A53A0 /* MenuViewController.swift */ = {isa = PBXFileReference; fileEncoding = 4; lastKnownFileType = sourcecode.swift; name = MenuViewController.swift; path = ../MenuViewController.swift; sourceTree = "<group>"; };
		30E64C691DE4457B001A53A0 /* GoogleService-Info.plist */ = {isa = PBXFileReference; fileEncoding = 4; lastKnownFileType = text.plist.xml; path = "GoogleService-Info.plist"; sourceTree = "<group>"; };
		30EF73821CDE863300423339 /* 1Liner.app */ = {isa = PBXFileReference; explicitFileType = wrapper.application; includeInIndex = 0; path = 1Liner.app; sourceTree = BUILT_PRODUCTS_DIR; };
		30EF73851CDE863400423339 /* AppDelegate.swift */ = {isa = PBXFileReference; lastKnownFileType = sourcecode.swift; path = AppDelegate.swift; sourceTree = "<group>"; };
		30EF738A1CDE863400423339 /* Base */ = {isa = PBXFileReference; lastKnownFileType = file.storyboard; name = Base; path = Base.lproj/Main.storyboard; sourceTree = "<group>"; };
		30EF738D1CDE863400423339 /* oneLiner.xcdatamodel */ = {isa = PBXFileReference; lastKnownFileType = wrapper.xcdatamodel; path = oneLiner.xcdatamodel; sourceTree = "<group>"; };
		30EF73921CDE863400423339 /* Base */ = {isa = PBXFileReference; lastKnownFileType = file.storyboard; name = Base; path = Base.lproj/LaunchScreen.storyboard; sourceTree = "<group>"; };
		30EF73941CDE863400423339 /* Info.plist */ = {isa = PBXFileReference; lastKnownFileType = text.plist.xml; path = Info.plist; sourceTree = "<group>"; };
		30EF73991CDE863400423339 /* oneLinerTests.xctest */ = {isa = PBXFileReference; explicitFileType = wrapper.cfbundle; includeInIndex = 0; path = oneLinerTests.xctest; sourceTree = BUILT_PRODUCTS_DIR; };
		30EF739D1CDE863400423339 /* oneLinerTests.swift */ = {isa = PBXFileReference; lastKnownFileType = sourcecode.swift; path = oneLinerTests.swift; sourceTree = "<group>"; };
		30EF739F1CDE863400423339 /* Info.plist */ = {isa = PBXFileReference; lastKnownFileType = text.plist.xml; path = Info.plist; sourceTree = "<group>"; };
		30EF73A41CDE863400423339 /* oneLinerUITests.xctest */ = {isa = PBXFileReference; explicitFileType = wrapper.cfbundle; includeInIndex = 0; path = oneLinerUITests.xctest; sourceTree = BUILT_PRODUCTS_DIR; };
		30EF73A81CDE863400423339 /* oneLinerUITests.swift */ = {isa = PBXFileReference; lastKnownFileType = sourcecode.swift; path = oneLinerUITests.swift; sourceTree = "<group>"; };
		30EF73AA1CDE863400423339 /* Info.plist */ = {isa = PBXFileReference; lastKnownFileType = text.plist.xml; path = Info.plist; sourceTree = "<group>"; };
		3C4F87B09C7AC73AC35FD101 /* Pods-oneLinerTests.debug.xcconfig */ = {isa = PBXFileReference; includeInIndex = 1; lastKnownFileType = text.xcconfig; name = "Pods-oneLinerTests.debug.xcconfig"; path = "Pods/Target Support Files/Pods-oneLinerTests/Pods-oneLinerTests.debug.xcconfig"; sourceTree = "<group>"; };
		4002C751AC7922F6AD302A68 /* Pods_oneLinerTests.framework */ = {isa = PBXFileReference; explicitFileType = wrapper.framework; includeInIndex = 0; path = Pods_oneLinerTests.framework; sourceTree = BUILT_PRODUCTS_DIR; };
		435E157888699C0606EF067C /* Pods-oneLinerTests.release.xcconfig */ = {isa = PBXFileReference; includeInIndex = 1; lastKnownFileType = text.xcconfig; name = "Pods-oneLinerTests.release.xcconfig"; path = "Pods/Target Support Files/Pods-oneLinerTests/Pods-oneLinerTests.release.xcconfig"; sourceTree = "<group>"; };
		66559A754A39DDFCB6F6EB71 /* Pods_oneLinerUITests.framework */ = {isa = PBXFileReference; explicitFileType = wrapper.framework; includeInIndex = 0; path = Pods_oneLinerUITests.framework; sourceTree = BUILT_PRODUCTS_DIR; };
		7AAE0A39241697CCFB7A829D /* Pods-oneLinerUITests.release.xcconfig */ = {isa = PBXFileReference; includeInIndex = 1; lastKnownFileType = text.xcconfig; name = "Pods-oneLinerUITests.release.xcconfig"; path = "Pods/Target Support Files/Pods-oneLinerUITests/Pods-oneLinerUITests.release.xcconfig"; sourceTree = "<group>"; };
		8C21DFD231DBBB2ABF9255E6 /* Pods_oneLiner.framework */ = {isa = PBXFileReference; explicitFileType = wrapper.framework; includeInIndex = 0; path = Pods_oneLiner.framework; sourceTree = BUILT_PRODUCTS_DIR; };
		CEC2D62198B06BA7F939284D /* Pods-oneLiner.debug.xcconfig */ = {isa = PBXFileReference; includeInIndex = 1; lastKnownFileType = text.xcconfig; name = "Pods-oneLiner.debug.xcconfig"; path = "Pods/Target Support Files/Pods-oneLiner/Pods-oneLiner.debug.xcconfig"; sourceTree = "<group>"; };
		E802641A42515716E8D22BA9 /* Pods-oneLinerUITests.debug.xcconfig */ = {isa = PBXFileReference; includeInIndex = 1; lastKnownFileType = text.xcconfig; name = "Pods-oneLinerUITests.debug.xcconfig"; path = "Pods/Target Support Files/Pods-oneLinerUITests/Pods-oneLinerUITests.debug.xcconfig"; sourceTree = "<group>"; };
		EEF41DE8D73FD2792886122E /* Pods-oneLiner.release.xcconfig */ = {isa = PBXFileReference; includeInIndex = 1; lastKnownFileType = text.xcconfig; name = "Pods-oneLiner.release.xcconfig"; path = "Pods/Target Support Files/Pods-oneLiner/Pods-oneLiner.release.xcconfig"; sourceTree = "<group>"; };
/* End PBXFileReference section */

/* Begin PBXFrameworksBuildPhase section */
		30EF737F1CDE863300423339 /* Frameworks */ = {
			isa = PBXFrameworksBuildPhase;
			buildActionMask = 2147483647;
			files = (
				18216FFD19B3A6720E27C2CD /* Pods_oneLiner.framework in Frameworks */,
			);
			runOnlyForDeploymentPostprocessing = 0;
		};
		30EF73961CDE863400423339 /* Frameworks */ = {
			isa = PBXFrameworksBuildPhase;
			buildActionMask = 2147483647;
			files = (
				0BE4E80747B1EC43D4B9E5EC /* Pods_oneLinerTests.framework in Frameworks */,
			);
			runOnlyForDeploymentPostprocessing = 0;
		};
		30EF73A11CDE863400423339 /* Frameworks */ = {
			isa = PBXFrameworksBuildPhase;
			buildActionMask = 2147483647;
			files = (
				397143B6F211D6AA1CB50C42 /* Pods_oneLinerUITests.framework in Frameworks */,
			);
			runOnlyForDeploymentPostprocessing = 0;
		};
/* End PBXFrameworksBuildPhase section */

/* Begin PBXGroup section */
		3004599F1CE391D700D90B5A /* New Group */ = {
			isa = PBXGroup;
			children = (
				300459A01CE3940200D90B5A /* Topics.swift */,
				30D50BB41D145CAD00E878AD /* Reachability.swift */,
				30776B2B1D23BDF40067AFEA /* ModalPopovers.swift */,
			);
			name = "New Group";
			sourceTree = "<group>";
		};
		30789CA11CE1198200E4B878 /* Controllers */ = {
			isa = PBXGroup;
			children = (
				306542491D1C136E005004FF /* ModalViewController.swift */,
				3043865A1D1AC14400D0802C /* WalkthroughPageViewController.swift */,
				304386581D1ABBC500D0802C /* WalkthroughContentViewController.swift */,
				30BBC3431CE0E20900BA1D78 /* ShareViewController.swift */,
				30E64C671DE3712B001A53A0 /* MenuViewController.swift */,
				30AE4E491D3F99B5008CCBDE /* dailyOneLiner.swift */,
				30E64C651DE2F5F2001A53A0 /* 1LBackup.swift */,
			);
			name = Controllers;
			sourceTree = "<group>";
		};
		30789CA21CE1199600E4B878 /* view */ = {
			isa = PBXGroup;
			children = (
				30BBC3451CE110E600BA1D78 /* MaterialView.swift */,
			);
			name = view;
			sourceTree = "<group>";
		};
		30789CA31CE11B3300E4B878 /* Services */ = {
			isa = PBXGroup;
			children = (
				30789CA41CE11B4000E4B878 /* DataService.swift */,
			);
			name = Services;
			sourceTree = "<group>";
		};
		30EF73791CDE863300423339 = {
			isa = PBXGroup;
			children = (
				30EF73841CDE863300423339 /* oneLiner */,
				30EF739C1CDE863400423339 /* oneLinerTests */,
				30EF73A71CDE863400423339 /* oneLinerUITests */,
				30EF73831CDE863300423339 /* Products */,
				91ADCE8555EB16E505582C09 /* Pods */,
				D3DD4D44D49C65E4336E0909 /* Frameworks */,
			);
			sourceTree = "<group>";
		};
		30EF73831CDE863300423339 /* Products */ = {
			isa = PBXGroup;
			children = (
				30EF73821CDE863300423339 /* 1Liner.app */,
				30EF73991CDE863400423339 /* oneLinerTests.xctest */,
				30EF73A41CDE863400423339 /* oneLinerUITests.xctest */,
			);
			name = Products;
			sourceTree = "<group>";
		};
		30EF73841CDE863300423339 /* oneLiner */ = {
			isa = PBXGroup;
			children = (
				30E64C691DE4457B001A53A0 /* GoogleService-Info.plist */,
				3004599F1CE391D700D90B5A /* New Group */,
				30789CA31CE11B3300E4B878 /* Services */,
				30789CA21CE1199600E4B878 /* view */,
				30789CA11CE1198200E4B878 /* Controllers */,
				30EF73851CDE863400423339 /* AppDelegate.swift */,
				30D32BA31D1D543B004685FE /* Assets.xcassets */,
				30EF73891CDE863400423339 /* Main.storyboard */,
				30EF73911CDE863400423339 /* LaunchScreen.storyboard */,
				30EF73941CDE863400423339 /* Info.plist */,
				30EF738C1CDE863400423339 /* oneLiner.xcdatamodeld */,
			);
			path = oneLiner;
			sourceTree = "<group>";
		};
		30EF739C1CDE863400423339 /* oneLinerTests */ = {
			isa = PBXGroup;
			children = (
				30EF739D1CDE863400423339 /* oneLinerTests.swift */,
				30EF739F1CDE863400423339 /* Info.plist */,
			);
			path = oneLinerTests;
			sourceTree = "<group>";
		};
		30EF73A71CDE863400423339 /* oneLinerUITests */ = {
			isa = PBXGroup;
			children = (
				30EF73A81CDE863400423339 /* oneLinerUITests.swift */,
				30EF73AA1CDE863400423339 /* Info.plist */,
			);
			path = oneLinerUITests;
			sourceTree = "<group>";
		};
		91ADCE8555EB16E505582C09 /* Pods */ = {
			isa = PBXGroup;
			children = (
				CEC2D62198B06BA7F939284D /* Pods-oneLiner.debug.xcconfig */,
				EEF41DE8D73FD2792886122E /* Pods-oneLiner.release.xcconfig */,
				3C4F87B09C7AC73AC35FD101 /* Pods-oneLinerTests.debug.xcconfig */,
				435E157888699C0606EF067C /* Pods-oneLinerTests.release.xcconfig */,
				E802641A42515716E8D22BA9 /* Pods-oneLinerUITests.debug.xcconfig */,
				7AAE0A39241697CCFB7A829D /* Pods-oneLinerUITests.release.xcconfig */,
			);
			name = Pods;
			sourceTree = "<group>";
		};
		D3DD4D44D49C65E4336E0909 /* Frameworks */ = {
			isa = PBXGroup;
			children = (
				8C21DFD231DBBB2ABF9255E6 /* Pods_oneLiner.framework */,
				4002C751AC7922F6AD302A68 /* Pods_oneLinerTests.framework */,
				66559A754A39DDFCB6F6EB71 /* Pods_oneLinerUITests.framework */,
			);
			name = Frameworks;
			sourceTree = "<group>";
		};
/* End PBXGroup section */

/* Begin PBXNativeTarget section */
		30EF73811CDE863300423339 /* oneLiner */ = {
			isa = PBXNativeTarget;
			buildConfigurationList = 30EF73AD1CDE863400423339 /* Build configuration list for PBXNativeTarget "oneLiner" */;
			buildPhases = (
				FD84917C03AA5736ABFB2399 /* [CP] Check Pods Manifest.lock */,
				30EF737E1CDE863300423339 /* Sources */,
				30EF737F1CDE863300423339 /* Frameworks */,
				30EF73801CDE863300423339 /* Resources */,
				0F7D0EB3CDDC50F7CBD60329 /* [CP] Embed Pods Frameworks */,
				81EF23494E71F3F2B65C0FFD /* [CP] Copy Pods Resources */,
			);
			buildRules = (
			);
			dependencies = (
			);
			name = oneLiner;
			productName = oneLiner;
			productReference = 30EF73821CDE863300423339 /* 1Liner.app */;
			productType = "com.apple.product-type.application";
		};
		30EF73981CDE863400423339 /* oneLinerTests */ = {
			isa = PBXNativeTarget;
			buildConfigurationList = 30EF73B01CDE863400423339 /* Build configuration list for PBXNativeTarget "oneLinerTests" */;
			buildPhases = (
				179BF9EC392A499AD2E55C8C /* [CP] Check Pods Manifest.lock */,
				30EF73951CDE863400423339 /* Sources */,
				30EF73961CDE863400423339 /* Frameworks */,
				30EF73971CDE863400423339 /* Resources */,
				A8F1AC8D73C86F8130C0AB81 /* [CP] Embed Pods Frameworks */,
				B8E898A768F0025354784889 /* [CP] Copy Pods Resources */,
			);
			buildRules = (
			);
			dependencies = (
				30EF739B1CDE863400423339 /* PBXTargetDependency */,
			);
			name = oneLinerTests;
			productName = oneLinerTests;
			productReference = 30EF73991CDE863400423339 /* oneLinerTests.xctest */;
			productType = "com.apple.product-type.bundle.unit-test";
		};
		30EF73A31CDE863400423339 /* oneLinerUITests */ = {
			isa = PBXNativeTarget;
			buildConfigurationList = 30EF73B31CDE863400423339 /* Build configuration list for PBXNativeTarget "oneLinerUITests" */;
			buildPhases = (
				1F0890D9F9C291E1E33DEC5C /* [CP] Check Pods Manifest.lock */,
				30EF73A01CDE863400423339 /* Sources */,
				30EF73A11CDE863400423339 /* Frameworks */,
				30EF73A21CDE863400423339 /* Resources */,
				94404413FA0F0F32A6B3D1DF /* [CP] Copy Pods Resources */,
			);
			buildRules = (
			);
			dependencies = (
				30EF73A61CDE863400423339 /* PBXTargetDependency */,
			);
			name = oneLinerUITests;
			productName = oneLinerUITests;
			productReference = 30EF73A41CDE863400423339 /* oneLinerUITests.xctest */;
			productType = "com.apple.product-type.bundle.ui-testing";
		};
/* End PBXNativeTarget section */

/* Begin PBXProject section */
		30EF737A1CDE863300423339 /* Project object */ = {
			isa = PBXProject;
			attributes = {
				LastSwiftUpdateCheck = 0730;
				LastUpgradeCheck = 0810;
				ORGANIZATIONNAME = "Karthik Kannan";
				TargetAttributes = {
					30EF73811CDE863300423339 = {
						CreatedOnToolsVersion = 7.3;
						DevelopmentTeam = P9S59S549S;
						LastSwiftMigration = 0800;
						ProvisioningStyle = Automatic;
						SystemCapabilities = {
							com.apple.BackgroundModes = {
								enabled = 1;
							};
						};
					};
					30EF73981CDE863400423339 = {
						CreatedOnToolsVersion = 7.3;
						LastSwiftMigration = 0800;
						TestTargetID = 30EF73811CDE863300423339;
					};
					30EF73A31CDE863400423339 = {
						CreatedOnToolsVersion = 7.3;
						LastSwiftMigration = 0800;
						TestTargetID = 30EF73811CDE863300423339;
					};
				};
			};
			buildConfigurationList = 30EF737D1CDE863300423339 /* Build configuration list for PBXProject "oneLiner" */;
			compatibilityVersion = "Xcode 3.2";
			developmentRegion = English;
			hasScannedForEncodings = 0;
			knownRegions = (
				en,
				Base,
			);
			mainGroup = 30EF73791CDE863300423339;
			productRefGroup = 30EF73831CDE863300423339 /* Products */;
			projectDirPath = "";
			projectRoot = "";
			targets = (
				30EF73811CDE863300423339 /* oneLiner */,
				30EF73981CDE863400423339 /* oneLinerTests */,
				30EF73A31CDE863400423339 /* oneLinerUITests */,
			);
		};
/* End PBXProject section */

/* Begin PBXResourcesBuildPhase section */
		30EF73801CDE863300423339 /* Resources */ = {
			isa = PBXResourcesBuildPhase;
			buildActionMask = 2147483647;
			files = (
				30EF73931CDE863400423339 /* LaunchScreen.storyboard in Resources */,
				30D32BA41D1D543B004685FE /* Assets.xcassets in Resources */,
				30E64C6A1DE4457C001A53A0 /* GoogleService-Info.plist in Resources */,
				30EF738B1CDE863400423339 /* Main.storyboard in Resources */,
			);
			runOnlyForDeploymentPostprocessing = 0;
		};
		30EF73971CDE863400423339 /* Resources */ = {
			isa = PBXResourcesBuildPhase;
			buildActionMask = 2147483647;
			files = (
			);
			runOnlyForDeploymentPostprocessing = 0;
		};
		30EF73A21CDE863400423339 /* Resources */ = {
			isa = PBXResourcesBuildPhase;
			buildActionMask = 2147483647;
			files = (
			);
			runOnlyForDeploymentPostprocessing = 0;
		};
/* End PBXResourcesBuildPhase section */

/* Begin PBXShellScriptBuildPhase section */
		0F7D0EB3CDDC50F7CBD60329 /* [CP] Embed Pods Frameworks */ = {
			isa = PBXShellScriptBuildPhase;
			buildActionMask = 2147483647;
			files = (
			);
			inputPaths = (
			);
			name = "[CP] Embed Pods Frameworks";
			outputPaths = (
			);
			runOnlyForDeploymentPostprocessing = 0;
			shellPath = /bin/sh;
			shellScript = "\"${SRCROOT}/Pods/Target Support Files/Pods-oneLiner/Pods-oneLiner-frameworks.sh\"\n";
			showEnvVarsInLog = 0;
		};
		179BF9EC392A499AD2E55C8C /* [CP] Check Pods Manifest.lock */ = {
			isa = PBXShellScriptBuildPhase;
			buildActionMask = 2147483647;
			files = (
			);
			inputPaths = (
			);
			name = "[CP] Check Pods Manifest.lock";
			outputPaths = (
			);
			runOnlyForDeploymentPostprocessing = 0;
			shellPath = /bin/sh;
			shellScript = "diff \"${PODS_ROOT}/../Podfile.lock\" \"${PODS_ROOT}/Manifest.lock\" > /dev/null\nif [[ $? != 0 ]] ; then\n    cat << EOM\nerror: The sandbox is not in sync with the Podfile.lock. Run 'pod install' or update your CocoaPods installation.\nEOM\n    exit 1\nfi\n";
			showEnvVarsInLog = 0;
		};
		1F0890D9F9C291E1E33DEC5C /* [CP] Check Pods Manifest.lock */ = {
			isa = PBXShellScriptBuildPhase;
			buildActionMask = 2147483647;
			files = (
			);
			inputPaths = (
			);
			name = "[CP] Check Pods Manifest.lock";
			outputPaths = (
			);
			runOnlyForDeploymentPostprocessing = 0;
			shellPath = /bin/sh;
			shellScript = "diff \"${PODS_ROOT}/../Podfile.lock\" \"${PODS_ROOT}/Manifest.lock\" > /dev/null\nif [[ $? != 0 ]] ; then\n    cat << EOM\nerror: The sandbox is not in sync with the Podfile.lock. Run 'pod install' or update your CocoaPods installation.\nEOM\n    exit 1\nfi\n";
			showEnvVarsInLog = 0;
		};
		81EF23494E71F3F2B65C0FFD /* [CP] Copy Pods Resources */ = {
			isa = PBXShellScriptBuildPhase;
			buildActionMask = 2147483647;
			files = (
			);
			inputPaths = (
			);
			name = "[CP] Copy Pods Resources";
			outputPaths = (
			);
			runOnlyForDeploymentPostprocessing = 0;
			shellPath = /bin/sh;
			shellScript = "\"${SRCROOT}/Pods/Target Support Files/Pods-oneLiner/Pods-oneLiner-resources.sh\"\n";
			showEnvVarsInLog = 0;
		};
		94404413FA0F0F32A6B3D1DF /* [CP] Copy Pods Resources */ = {
			isa = PBXShellScriptBuildPhase;
			buildActionMask = 2147483647;
			files = (
			);
			inputPaths = (
			);
			name = "[CP] Copy Pods Resources";
			outputPaths = (
			);
			runOnlyForDeploymentPostprocessing = 0;
			shellPath = /bin/sh;
			shellScript = "\"${SRCROOT}/Pods/Target Support Files/Pods-oneLinerUITests/Pods-oneLinerUITests-resources.sh\"\n";
			showEnvVarsInLog = 0;
		};
		A8F1AC8D73C86F8130C0AB81 /* [CP] Embed Pods Frameworks */ = {
			isa = PBXShellScriptBuildPhase;
			buildActionMask = 2147483647;
			files = (
			);
			inputPaths = (
			);
			name = "[CP] Embed Pods Frameworks";
			outputPaths = (
			);
			runOnlyForDeploymentPostprocessing = 0;
			shellPath = /bin/sh;
			shellScript = "\"${SRCROOT}/Pods/Target Support Files/Pods-oneLinerTests/Pods-oneLinerTests-frameworks.sh\"\n";
			showEnvVarsInLog = 0;
		};
		B8E898A768F0025354784889 /* [CP] Copy Pods Resources */ = {
			isa = PBXShellScriptBuildPhase;
			buildActionMask = 2147483647;
			files = (
			);
			inputPaths = (
			);
			name = "[CP] Copy Pods Resources";
			outputPaths = (
			);
			runOnlyForDeploymentPostprocessing = 0;
			shellPath = /bin/sh;
			shellScript = "\"${SRCROOT}/Pods/Target Support Files/Pods-oneLinerTests/Pods-oneLinerTests-resources.sh\"\n";
			showEnvVarsInLog = 0;
		};
		FD84917C03AA5736ABFB2399 /* [CP] Check Pods Manifest.lock */ = {
			isa = PBXShellScriptBuildPhase;
			buildActionMask = 2147483647;
			files = (
			);
			inputPaths = (
			);
			name = "[CP] Check Pods Manifest.lock";
			outputPaths = (
			);
			runOnlyForDeploymentPostprocessing = 0;
			shellPath = /bin/sh;
			shellScript = "diff \"${PODS_ROOT}/../Podfile.lock\" \"${PODS_ROOT}/Manifest.lock\" > /dev/null\nif [[ $? != 0 ]] ; then\n    cat << EOM\nerror: The sandbox is not in sync with the Podfile.lock. Run 'pod install' or update your CocoaPods installation.\nEOM\n    exit 1\nfi\n";
			showEnvVarsInLog = 0;
		};
/* End PBXShellScriptBuildPhase section */

/* Begin PBXSourcesBuildPhase section */
		30EF737E1CDE863300423339 /* Sources */ = {
			isa = PBXSourcesBuildPhase;
			buildActionMask = 2147483647;
			files = (
				300459A11CE3940200D90B5A /* Topics.swift in Sources */,
				30776B2C1D23BDF40067AFEA /* ModalPopovers.swift in Sources */,
				3043865B1D1AC14600D0802C /* WalkthroughPageViewController.swift in Sources */,
				30E64C681DE3712B001A53A0 /* MenuViewController.swift in Sources */,
				30AE4E4A1D3F99B5008CCBDE /* dailyOneLiner.swift in Sources */,
				3065424A1D1C136E005004FF /* ModalViewController.swift in Sources */,
				30EF738E1CDE863400423339 /* oneLiner.xcdatamodeld in Sources */,
				30BBC3461CE110E600BA1D78 /* MaterialView.swift in Sources */,
				30E64C661DE2F5F2001A53A0 /* 1LBackup.swift in Sources */,
				30789CA51CE11B4000E4B878 /* DataService.swift in Sources */,
				30BBC3441CE0E20900BA1D78 /* ShareViewController.swift in Sources */,
				304386591D1ABBC500D0802C /* WalkthroughContentViewController.swift in Sources */,
				30D50BB51D145CAD00E878AD /* Reachability.swift in Sources */,
				30EF73861CDE863400423339 /* AppDelegate.swift in Sources */,
			);
			runOnlyForDeploymentPostprocessing = 0;
		};
		30EF73951CDE863400423339 /* Sources */ = {
			isa = PBXSourcesBuildPhase;
			buildActionMask = 2147483647;
			files = (
				30EF739E1CDE863400423339 /* oneLinerTests.swift in Sources */,
			);
			runOnlyForDeploymentPostprocessing = 0;
		};
		30EF73A01CDE863400423339 /* Sources */ = {
			isa = PBXSourcesBuildPhase;
			buildActionMask = 2147483647;
			files = (
				30EF73A91CDE863400423339 /* oneLinerUITests.swift in Sources */,
			);
			runOnlyForDeploymentPostprocessing = 0;
		};
/* End PBXSourcesBuildPhase section */

/* Begin PBXTargetDependency section */
		30EF739B1CDE863400423339 /* PBXTargetDependency */ = {
			isa = PBXTargetDependency;
			target = 30EF73811CDE863300423339 /* oneLiner */;
			targetProxy = 30EF739A1CDE863400423339 /* PBXContainerItemProxy */;
		};
		30EF73A61CDE863400423339 /* PBXTargetDependency */ = {
			isa = PBXTargetDependency;
			target = 30EF73811CDE863300423339 /* oneLiner */;
			targetProxy = 30EF73A51CDE863400423339 /* PBXContainerItemProxy */;
		};
/* End PBXTargetDependency section */

/* Begin PBXVariantGroup section */
		30EF73891CDE863400423339 /* Main.storyboard */ = {
			isa = PBXVariantGroup;
			children = (
				30EF738A1CDE863400423339 /* Base */,
			);
			name = Main.storyboard;
			sourceTree = "<group>";
		};
		30EF73911CDE863400423339 /* LaunchScreen.storyboard */ = {
			isa = PBXVariantGroup;
			children = (
				30EF73921CDE863400423339 /* Base */,
			);
			name = LaunchScreen.storyboard;
			sourceTree = "<group>";
		};
/* End PBXVariantGroup section */

/* Begin XCBuildConfiguration section */
		30EF73AB1CDE863400423339 /* Debug */ = {
			isa = XCBuildConfiguration;
			buildSettings = {
				ALWAYS_SEARCH_USER_PATHS = NO;
				CLANG_ANALYZER_NONNULL = YES;
				CLANG_CXX_LANGUAGE_STANDARD = "gnu++0x";
				CLANG_CXX_LIBRARY = "libc++";
				CLANG_ENABLE_MODULES = YES;
				CLANG_ENABLE_OBJC_ARC = YES;
				CLANG_WARN_BOOL_CONVERSION = YES;
				CLANG_WARN_CONSTANT_CONVERSION = YES;
				CLANG_WARN_DIRECT_OBJC_ISA_USAGE = YES_ERROR;
				CLANG_WARN_EMPTY_BODY = YES;
				CLANG_WARN_ENUM_CONVERSION = YES;
				CLANG_WARN_INFINITE_RECURSION = YES;
				CLANG_WARN_INT_CONVERSION = YES;
				CLANG_WARN_OBJC_ROOT_CLASS = YES_ERROR;
				CLANG_WARN_SUSPICIOUS_MOVE = YES;
				CLANG_WARN_UNREACHABLE_CODE = YES;
				CLANG_WARN__DUPLICATE_METHOD_MATCH = YES;
				"CODE_SIGN_IDENTITY[sdk=iphoneos*]" = "iPhone Developer";
				COPY_PHASE_STRIP = NO;
				DEBUG_INFORMATION_FORMAT = dwarf;
				ENABLE_STRICT_OBJC_MSGSEND = YES;
				ENABLE_TESTABILITY = YES;
				GCC_C_LANGUAGE_STANDARD = gnu99;
				GCC_DYNAMIC_NO_PIC = NO;
				GCC_NO_COMMON_BLOCKS = YES;
				GCC_OPTIMIZATION_LEVEL = 0;
				GCC_PREPROCESSOR_DEFINITIONS = (
					"DEBUG=1",
					"$(inherited)",
				);
				GCC_WARN_64_TO_32_BIT_CONVERSION = YES;
				GCC_WARN_ABOUT_RETURN_TYPE = YES_ERROR;
				GCC_WARN_UNDECLARED_SELECTOR = YES;
				GCC_WARN_UNINITIALIZED_AUTOS = YES_AGGRESSIVE;
				GCC_WARN_UNUSED_FUNCTION = YES;
				GCC_WARN_UNUSED_VARIABLE = YES;
				IPHONEOS_DEPLOYMENT_TARGET = 9.3;
				MTL_ENABLE_DEBUG_INFO = YES;
				ONLY_ACTIVE_ARCH = YES;
				SDKROOT = iphoneos;
				SWIFT_OPTIMIZATION_LEVEL = "-Onone";
				TARGETED_DEVICE_FAMILY = "1,2";
			};
			name = Debug;
		};
		30EF73AC1CDE863400423339 /* Release */ = {
			isa = XCBuildConfiguration;
			buildSettings = {
				ALWAYS_SEARCH_USER_PATHS = NO;
				CLANG_ANALYZER_NONNULL = YES;
				CLANG_CXX_LANGUAGE_STANDARD = "gnu++0x";
				CLANG_CXX_LIBRARY = "libc++";
				CLANG_ENABLE_MODULES = YES;
				CLANG_ENABLE_OBJC_ARC = YES;
				CLANG_WARN_BOOL_CONVERSION = YES;
				CLANG_WARN_CONSTANT_CONVERSION = YES;
				CLANG_WARN_DIRECT_OBJC_ISA_USAGE = YES_ERROR;
				CLANG_WARN_EMPTY_BODY = YES;
				CLANG_WARN_ENUM_CONVERSION = YES;
				CLANG_WARN_INFINITE_RECURSION = YES;
				CLANG_WARN_INT_CONVERSION = YES;
				CLANG_WARN_OBJC_ROOT_CLASS = YES_ERROR;
				CLANG_WARN_SUSPICIOUS_MOVE = YES;
				CLANG_WARN_UNREACHABLE_CODE = YES;
				CLANG_WARN__DUPLICATE_METHOD_MATCH = YES;
				"CODE_SIGN_IDENTITY[sdk=iphoneos*]" = "iPhone Developer";
				COPY_PHASE_STRIP = NO;
				DEBUG_INFORMATION_FORMAT = "dwarf-with-dsym";
				ENABLE_NS_ASSERTIONS = NO;
				ENABLE_STRICT_OBJC_MSGSEND = YES;
				GCC_C_LANGUAGE_STANDARD = gnu99;
				GCC_NO_COMMON_BLOCKS = YES;
				GCC_WARN_64_TO_32_BIT_CONVERSION = YES;
				GCC_WARN_ABOUT_RETURN_TYPE = YES_ERROR;
				GCC_WARN_UNDECLARED_SELECTOR = YES;
				GCC_WARN_UNINITIALIZED_AUTOS = YES_AGGRESSIVE;
				GCC_WARN_UNUSED_FUNCTION = YES;
				GCC_WARN_UNUSED_VARIABLE = YES;
				IPHONEOS_DEPLOYMENT_TARGET = 9.3;
				MTL_ENABLE_DEBUG_INFO = NO;
				SDKROOT = iphoneos;
				SWIFT_OPTIMIZATION_LEVEL = "-Owholemodule";
				TARGETED_DEVICE_FAMILY = "1,2";
				VALIDATE_PRODUCT = YES;
			};
			name = Release;
		};
		30EF73AE1CDE863400423339 /* Debug */ = {
			isa = XCBuildConfiguration;
			baseConfigurationReference = CEC2D62198B06BA7F939284D /* Pods-oneLiner.debug.xcconfig */;
			buildSettings = {
				ALWAYS_EMBED_SWIFT_STANDARD_LIBRARIES = YES;
				ASSETCATALOG_COMPILER_APPICON_NAME = AppIcon;
				CODE_SIGN_IDENTITY = "iPhone Developer";
				"CODE_SIGN_IDENTITY[sdk=iphoneos*]" = "iPhone Developer";
				DEVELOPMENT_TEAM = "";
				FRAMEWORK_SEARCH_PATHS = (
					"$(inherited)",
					"$(PROJECT_DIR)/oneLiner",
					"$(PROJECT_DIR)",
				);
				INFOPLIST_FILE = oneLiner/Info.plist;
				IPHONEOS_DEPLOYMENT_TARGET = 9.3;
				LD_RUNPATH_SEARCH_PATHS = "$(inherited) @executable_path/Frameworks";
				PRODUCT_BUNDLE_IDENTIFIER = com.lotusbee.oneLiner;
				PRODUCT_NAME = 1Liner;
				PROVISIONING_PROFILE = "";
				PROVISIONING_PROFILE_SPECIFIER = "";
				SWIFT_VERSION = 3.0;
				TARGETED_DEVICE_FAMILY = 1;
			};
			name = Debug;
		};
		30EF73AF1CDE863400423339 /* Release */ = {
			isa = XCBuildConfiguration;
			baseConfigurationReference = EEF41DE8D73FD2792886122E /* Pods-oneLiner.release.xcconfig */;
			buildSettings = {
				ALWAYS_EMBED_SWIFT_STANDARD_LIBRARIES = YES;
				ASSETCATALOG_COMPILER_APPICON_NAME = AppIcon;
				CODE_SIGN_IDENTITY = "iPhone Distribution: Karthik Kannan (P9S59S549S)";
				"CODE_SIGN_IDENTITY[sdk=iphoneos*]" = "iPhone Developer";
				DEVELOPMENT_TEAM = "";
				FRAMEWORK_SEARCH_PATHS = (
					"$(inherited)",
					"$(PROJECT_DIR)/oneLiner",
					"$(PROJECT_DIR)",
				);
				INFOPLIST_FILE = oneLiner/Info.plist;
				IPHONEOS_DEPLOYMENT_TARGET = 9.3;
				LD_RUNPATH_SEARCH_PATHS = "$(inherited) @executable_path/Frameworks";
				PRODUCT_BUNDLE_IDENTIFIER = com.lotusbee.oneLiner;
				PRODUCT_NAME = 1Liner;
				PROVISIONING_PROFILE = "";
				PROVISIONING_PROFILE_SPECIFIER = "";
				SWIFT_VERSION = 3.0;
				TARGETED_DEVICE_FAMILY = 1;
			};
			name = Release;
		};
		30EF73B11CDE863400423339 /* Debug */ = {
			isa = XCBuildConfiguration;
			baseConfigurationReference = 3C4F87B09C7AC73AC35FD101 /* Pods-oneLinerTests.debug.xcconfig */;
			buildSettings = {
				BUNDLE_LOADER = "$(TEST_HOST)";
				INFOPLIST_FILE = oneLinerTests/Info.plist;
				LD_RUNPATH_SEARCH_PATHS = "$(inherited) @executable_path/Frameworks @loader_path/Frameworks";
				PRODUCT_BUNDLE_IDENTIFIER = com.lotusbee.oneLinerTests;
				PRODUCT_NAME = "$(TARGET_NAME)";
				SWIFT_VERSION = 3.0;
				TEST_HOST = "$(BUILT_PRODUCTS_DIR)/1Liner.app/1Liner";
			};
			name = Debug;
		};
		30EF73B21CDE863400423339 /* Release */ = {
			isa = XCBuildConfiguration;
			baseConfigurationReference = 435E157888699C0606EF067C /* Pods-oneLinerTests.release.xcconfig */;
			buildSettings = {
				BUNDLE_LOADER = "$(TEST_HOST)";
				INFOPLIST_FILE = oneLinerTests/Info.plist;
				LD_RUNPATH_SEARCH_PATHS = "$(inherited) @executable_path/Frameworks @loader_path/Frameworks";
				PRODUCT_BUNDLE_IDENTIFIER = com.lotusbee.oneLinerTests;
				PRODUCT_NAME = "$(TARGET_NAME)";
				SWIFT_VERSION = 3.0;
				TEST_HOST = "$(BUILT_PRODUCTS_DIR)/1Liner.app/1Liner";
			};
			name = Release;
		};
		30EF73B41CDE863400423339 /* Debug */ = {
			isa = XCBuildConfiguration;
			baseConfigurationReference = E802641A42515716E8D22BA9 /* Pods-oneLinerUITests.debug.xcconfig */;
			buildSettings = {
				INFOPLIST_FILE = oneLinerUITests/Info.plist;
				LD_RUNPATH_SEARCH_PATHS = "$(inherited) @executable_path/Frameworks @loader_path/Frameworks";
				PRODUCT_BUNDLE_IDENTIFIER = com.lotusbee.oneLinerUITests;
				PRODUCT_NAME = "$(TARGET_NAME)";
				SWIFT_VERSION = 3.0;
				TEST_TARGET_NAME = oneLiner;
			};
			name = Debug;
		};
		30EF73B51CDE863400423339 /* Release */ = {
			isa = XCBuildConfiguration;
			baseConfigurationReference = 7AAE0A39241697CCFB7A829D /* Pods-oneLinerUITests.release.xcconfig */;
			buildSettings = {
				INFOPLIST_FILE = oneLinerUITests/Info.plist;
				LD_RUNPATH_SEARCH_PATHS = "$(inherited) @executable_path/Frameworks @loader_path/Frameworks";
				PRODUCT_BUNDLE_IDENTIFIER = com.lotusbee.oneLinerUITests;
				PRODUCT_NAME = "$(TARGET_NAME)";
				SWIFT_VERSION = 3.0;
				TEST_TARGET_NAME = oneLiner;
			};
			name = Release;
		};
/* End XCBuildConfiguration section */

/* Begin XCConfigurationList section */
		30EF737D1CDE863300423339 /* Build configuration list for PBXProject "oneLiner" */ = {
			isa = XCConfigurationList;
			buildConfigurations = (
				30EF73AB1CDE863400423339 /* Debug */,
				30EF73AC1CDE863400423339 /* Release */,
			);
			defaultConfigurationIsVisible = 0;
			defaultConfigurationName = Release;
		};
		30EF73AD1CDE863400423339 /* Build configuration list for PBXNativeTarget "oneLiner" */ = {
			isa = XCConfigurationList;
			buildConfigurations = (
				30EF73AE1CDE863400423339 /* Debug */,
				30EF73AF1CDE863400423339 /* Release */,
			);
			defaultConfigurationIsVisible = 0;
			defaultConfigurationName = Release;
		};
		30EF73B01CDE863400423339 /* Build configuration list for PBXNativeTarget "oneLinerTests" */ = {
			isa = XCConfigurationList;
			buildConfigurations = (
				30EF73B11CDE863400423339 /* Debug */,
				30EF73B21CDE863400423339 /* Release */,
			);
			defaultConfigurationIsVisible = 0;
			defaultConfigurationName = Release;
		};
		30EF73B31CDE863400423339 /* Build configuration list for PBXNativeTarget "oneLinerUITests" */ = {
			isa = XCConfigurationList;
			buildConfigurations = (
				30EF73B41CDE863400423339 /* Debug */,
				30EF73B51CDE863400423339 /* Release */,
			);
			defaultConfigurationIsVisible = 0;
			defaultConfigurationName = Release;
		};
/* End XCConfigurationList section */

/* Begin XCVersionGroup section */
		30EF738C1CDE863400423339 /* oneLiner.xcdatamodeld */ = {
			isa = XCVersionGroup;
			children = (
				30EF738D1CDE863400423339 /* oneLiner.xcdatamodel */,
			);
			currentVersion = 30EF738D1CDE863400423339 /* oneLiner.xcdatamodel */;
			path = oneLiner.xcdatamodeld;
			sourceTree = "<group>";
			versionGroupType = wrapper.xcdatamodel;
		};
/* End XCVersionGroup section */
	};
	rootObject = 30EF737A1CDE863300423339 /* Project object */;
}
